
Microsoft Visual Studio Solution File, Format Version 12.00
# Visual Studio Version 16
VisualStudioVersion = 16.0.28803.352
MinimumVisualStudioVersion = 10.0.40219.1
Project("{FAE04EC0-301F-11D3-BF4B-00C04F79EFBC}") = "Notepads", "Notepads\Notepads.csproj", "{99274932-9E86-480C-8142-38525F80007D}"
	ProjectSection(ProjectDependencies) = postProject
		{7AA5E631-B663-420E-A08F-002CD81DF855} = {7AA5E631-B663-420E-A08F-002CD81DF855}
	EndProjectSection
EndProject
Project("{FAE04EC0-301F-11D3-BF4B-00C04F79EFBC}") = "Notepads.Controls", "Notepads.Controls\Notepads.Controls.csproj", "{7AA5E631-B663-420E-A08F-002CD81DF855}"
EndProject
Project("{2150E333-8FDC-42A3-9474-1A3956D46DE8}") = "Solution Items", "Solution Items", "{FE6A4F54-39DC-40E3-8BFB-5B1962DED402}"
	ProjectSection(SolutionItems) = preProject
		.editorconfig = .editorconfig
	EndProjectSection
EndProject
Global
	GlobalSection(SolutionConfigurationPlatforms) = preSolution
		Debug|ARM64 = Debug|ARM64
		Debug|x64 = Debug|x64
		Debug|x86 = Debug|x86
		Release|ARM64 = Release|ARM64
		Release|x64 = Release|x64
		Release|x86 = Release|x86
		Production|ARM64 = Production|ARM64
		Production|x64 = Production|x64
		Production|x86 = Production|x86
	EndGlobalSection
	GlobalSection(ProjectConfigurationPlatforms) = postSolution
		{99274932-9E86-480C-8142-38525F80007D}.Debug|ARM64.ActiveCfg = Debug|ARM64
		{99274932-9E86-480C-8142-38525F80007D}.Debug|ARM64.Build.0 = Debug|ARM64
		{99274932-9E86-480C-8142-38525F80007D}.Debug|ARM64.Deploy.0 = Debug|ARM64
		{99274932-9E86-480C-8142-38525F80007D}.Debug|x64.ActiveCfg = Debug|x64
		{99274932-9E86-480C-8142-38525F80007D}.Debug|x64.Build.0 = Debug|x64
		{99274932-9E86-480C-8142-38525F80007D}.Debug|x64.Deploy.0 = Debug|x64
		{99274932-9E86-480C-8142-38525F80007D}.Debug|x86.ActiveCfg = Debug|x86
		{99274932-9E86-480C-8142-38525F80007D}.Debug|x86.Build.0 = Debug|x86
		{99274932-9E86-480C-8142-38525F80007D}.Debug|x86.Deploy.0 = Debug|x86
		{99274932-9E86-480C-8142-38525F80007D}.Release|ARM64.ActiveCfg = Release|ARM64
		{99274932-9E86-480C-8142-38525F80007D}.Release|ARM64.Build.0 = Release|ARM64
		{99274932-9E86-480C-8142-38525F80007D}.Release|ARM64.Deploy.0 = Release|ARM64
		{99274932-9E86-480C-8142-38525F80007D}.Release|x64.ActiveCfg = Release|x64
		{99274932-9E86-480C-8142-38525F80007D}.Release|x64.Build.0 = Release|x64
		{99274932-9E86-480C-8142-38525F80007D}.Release|x64.Deploy.0 = Release|x64
		{99274932-9E86-480C-8142-38525F80007D}.Release|x86.ActiveCfg = Release|x86
		{99274932-9E86-480C-8142-38525F80007D}.Release|x86.Build.0 = Release|x86
		{99274932-9E86-480C-8142-38525F80007D}.Release|x86.Deploy.0 = Release|x86
		{99274932-9E86-480C-8142-38525F80007D}.Production|ARM64.ActiveCfg = Production|ARM64
		{99274932-9E86-480C-8142-38525F80007D}.Production|ARM64.Build.0 = Production|ARM64
		{99274932-9E86-480C-8142-38525F80007D}.Production|ARM64.Deploy.0 = Production|ARM64
		{99274932-9E86-480C-8142-38525F80007D}.Production|x64.ActiveCfg = Production|x64
		{99274932-9E86-480C-8142-38525F80007D}.Production|x64.Build.0 = Production|x64
		{99274932-9E86-480C-8142-38525F80007D}.Production|x64.Deploy.0 = Production|x64
		{99274932-9E86-480C-8142-38525F80007D}.Production|x86.ActiveCfg = Production|x86
		{99274932-9E86-480C-8142-38525F80007D}.Production|x86.Build.0 = Production|x86
		{99274932-9E86-480C-8142-38525F80007D}.Production|x86.Deploy.0 = Production|x86
		{7AA5E631-B663-420E-A08F-002CD81DF855}.Debug|ARM64.ActiveCfg = Debug|ARM64
		{7AA5E631-B663-420E-A08F-002CD81DF855}.Debug|ARM64.Build.0 = Debug|ARM64
		{7AA5E631-B663-420E-A08F-002CD81DF855}.Debug|x64.ActiveCfg = Debug|x64
		{7AA5E631-B663-420E-A08F-002CD81DF855}.Debug|x64.Build.0 = Debug|x64
		{7AA5E631-B663-420E-A08F-002CD81DF855}.Debug|x86.ActiveCfg = Debug|x86
		{7AA5E631-B663-420E-A08F-002CD81DF855}.Debug|x86.Build.0 = Debug|x86
		{7AA5E631-B663-420E-A08F-002CD81DF855}.Release|ARM64.ActiveCfg = Release|ARM64
		{7AA5E631-B663-420E-A08F-002CD81DF855}.Release|ARM64.Build.0 = Release|ARM64
		{7AA5E631-B663-420E-A08F-002CD81DF855}.Release|x64.ActiveCfg = Release|x64
		{7AA5E631-B663-420E-A08F-002CD81DF855}.Release|x64.Build.0 = Release|x64
		{7AA5E631-B663-420E-A08F-002CD81DF855}.Release|x86.ActiveCfg = Release|x86
		{7AA5E631-B663-420E-A08F-002CD81DF855}.Release|x86.Build.0 = Release|x86
		{7AA5E631-B663-420E-A08F-002CD81DF855}.Production|ARM64.ActiveCfg = Production|ARM64
		{7AA5E631-B663-420E-A08F-002CD81DF855}.Production|ARM64.Build.0 = Production|ARM64
		{7AA5E631-B663-420E-A08F-002CD81DF855}.Production|x64.ActiveCfg = Production|x64
		{7AA5E631-B663-420E-A08F-002CD81DF855}.Production|x64.Build.0 = Production|x64
		{7AA5E631-B663-420E-A08F-002CD81DF855}.Production|x86.ActiveCfg = Production|x86
		{7AA5E631-B663-420E-A08F-002CD81DF855}.Production|x86.Build.0 = Production|x86
	EndGlobalSection
	GlobalSection(SolutionProperties) = preSolution
		HideSolutionNode = FALSE
	EndGlobalSection
	GlobalSection(ExtensibilityGlobals) = postSolution
		SolutionGuid = {CFB87BE6-E5E9-49A2-9631-7DC3F44361B4}
	EndGlobalSection
EndGlobal
